PODS:
  - TextFieldFloatingPlaceholder (1.0.0)

DEPENDENCIES:
  - TextFieldFloatingPlaceholder (from `../`)

EXTERNAL SOURCES:
  TextFieldFloatingPlaceholder:
    :path: "../"

SPEC CHECKSUMS:
  TextFieldFloatingPlaceholder: bb8530791cd5c736c1103da373f0c0a7571b9b51

PODFILE CHECKSUM: e67462d4ab47b6bb6bc77393e01f04fb9bf6c9e1

COCOAPODS: 1.5.0
